
Microsoft Visual Studio Solution File, Format Version 12.00
# Visual Studio 2012
Project("{FAE04EC0-301F-11D3-BF4B-00C04F79EFBC}") = "TabTest", "TabTest\TabTest.csproj", "{716E4524-0F8F-489D-9251-A1545F9CB88E}"
EndProject
Project("{FAE04EC0-301F-11D3-BF4B-00C04F79EFBC}") = "SGTabbedPager", "SGTabbedPager\SGTabbedPager.csproj", "{B5CB36F0-11F2-48E4-9DEE-21DB3742DAF5}"
EndProject
Global
	GlobalSection(SolutionConfigurationPlatforms) = preSolution
		Debug|iPhoneSimulator = Debug|iPhoneSimulator
		Release|iPhone = Release|iPhone
		Release|iPhoneSimulator = Release|iPhoneSimulator
		Debug|iPhone = Debug|iPhone
	EndGlobalSection
	GlobalSection(ProjectConfigurationPlatforms) = postSolution
		{716E4524-0F8F-489D-9251-A1545F9CB88E}.Debug|iPhoneSimulator.ActiveCfg = Debug|iPhoneSimulator
		{716E4524-0F8F-489D-9251-A1545F9CB88E}.Debug|iPhoneSimulator.Build.0 = Debug|iPhoneSimulator
		{716E4524-0F8F-489D-9251-A1545F9CB88E}.Release|iPhone.ActiveCfg = Release|iPhone
		{716E4524-0F8F-489D-9251-A1545F9CB88E}.Release|iPhone.Build.0 = Release|iPhone
		{716E4524-0F8F-489D-9251-A1545F9CB88E}.Release|iPhoneSimulator.ActiveCfg = Release|iPhoneSimulator
		{716E4524-0F8F-489D-9251-A1545F9CB88E}.Release|iPhoneSimulator.Build.0 = Release|iPhoneSimulator
		{716E4524-0F8F-489D-9251-A1545F9CB88E}.Debug|iPhone.ActiveCfg = Debug|iPhone
		{716E4524-0F8F-489D-9251-A1545F9CB88E}.Debug|iPhone.Build.0 = Debug|iPhone
		{B5CB36F0-11F2-48E4-9DEE-21DB3742DAF5}.Debug|iPhoneSimulator.ActiveCfg = Debug|Any CPU
		{B5CB36F0-11F2-48E4-9DEE-21DB3742DAF5}.Debug|iPhoneSimulator.Build.0 = Debug|Any CPU
		{B5CB36F0-11F2-48E4-9DEE-21DB3742DAF5}.Release|iPhone.ActiveCfg = Release|Any CPU
		{B5CB36F0-11F2-48E4-9DEE-21DB3742DAF5}.Release|iPhone.Build.0 = Release|Any CPU
		{B5CB36F0-11F2-48E4-9DEE-21DB3742DAF5}.Release|iPhoneSimulator.ActiveCfg = Release|Any CPU
		{B5CB36F0-11F2-48E4-9DEE-21DB3742DAF5}.Release|iPhoneSimulator.Build.0 = Release|Any CPU
		{B5CB36F0-11F2-48E4-9DEE-21DB3742DAF5}.Debug|iPhone.ActiveCfg = Debug|Any CPU
		{B5CB36F0-11F2-48E4-9DEE-21DB3742DAF5}.Debug|iPhone.Build.0 = Debug|Any CPU
	EndGlobalSection
EndGlobal
